
Microsoft Visual Studio Solution File, Format Version 12.00
# Visual Studio Version 17
VisualStudioVersion = 17.0.31919.166
MinimumVisualStudioVersion = 10.0.40219.1
Project("{FAE04EC0-301F-11D3-BF4B-00C04F79EFBC}") = "ProCodeGuide.Samples.PDFSharp", "ProCodeGuide.Samples.PDFSharp\ProCodeGuide.Samples.PDFSharp.csproj", "{09CB8792-4277-44B8-9049-69B8E7DA8033}"
EndProject
Global
	GlobalSection(SolutionConfigurationPlatforms) = preSolution
		Debug|Any CPU = Debug|Any CPU
		Release|Any CPU = Release|Any CPU
	EndGlobalSection
	GlobalSection(ProjectConfigurationPlatforms) = postSolution
		{09CB8792-4277-44B8-9049-69B8E7DA8033}.Debug|Any CPU.ActiveCfg = Debug|Any CPU
		{09CB8792-4277-44B8-9049-69B8E7DA8033}.Debug|Any CPU.Build.0 = Debug|Any CPU
		{09CB8792-4277-44B8-9049-69B8E7DA8033}.Release|Any CPU.ActiveCfg = Release|Any CPU
		{09CB8792-4277-44B8-9049-69B8E7DA8033}.Release|Any CPU.Build.0 = Release|Any CPU
	EndGlobalSection
	GlobalSection(SolutionProperties) = preSolution
		HideSolutionNode = FALSE
	EndGlobalSection
	GlobalSection(ExtensibilityGlobals) = postSolution
		SolutionGuid = {608DC1A5-5F09-433E-9262-97E400ABA8C3}
	EndGlobalSection
EndGlobal
